
Microsoft Visual Studio Solution File, Format Version 12.00
Project("{FAE04EC0-301F-11D3-BF4B-00C04F79EFBC}") = "Labo1", "Labo1\Labo1.csproj", "{EEF8D30D-7A4E-4347-AECD-FDFD46CF1956}"
EndProject
Project("{FAE04EC0-301F-11D3-BF4B-00C04F79EFBC}") = "LbFormes", "LbFormes\LbFormes.csproj", "{89E8AD02-137E-4BA9-B61B-55811345D7C8}"
EndProject
Project("{FAE04EC0-301F-11D3-BF4B-00C04F79EFBC}") = "LMathUtil", "LMathUtil\LMathUtil.csproj", "{DE792320-4DB2-4FEE-A847-34CDFE62C51C}"
EndProject
Global
	GlobalSection(SolutionConfigurationPlatforms) = preSolution
		Debug|Any CPU = Debug|Any CPU
		Release|Any CPU = Release|Any CPU
	EndGlobalSection
	GlobalSection(ProjectConfigurationPlatforms) = postSolution
		{EEF8D30D-7A4E-4347-AECD-FDFD46CF1956}.Debug|Any CPU.ActiveCfg = Debug|Any CPU
		{EEF8D30D-7A4E-4347-AECD-FDFD46CF1956}.Debug|Any CPU.Build.0 = Debug|Any CPU
		{EEF8D30D-7A4E-4347-AECD-FDFD46CF1956}.Release|Any CPU.ActiveCfg = Release|Any CPU
		{EEF8D30D-7A4E-4347-AECD-FDFD46CF1956}.Release|Any CPU.Build.0 = Release|Any CPU
		{89E8AD02-137E-4BA9-B61B-55811345D7C8}.Debug|Any CPU.ActiveCfg = Debug|Any CPU
		{89E8AD02-137E-4BA9-B61B-55811345D7C8}.Debug|Any CPU.Build.0 = Debug|Any CPU
		{89E8AD02-137E-4BA9-B61B-55811345D7C8}.Release|Any CPU.ActiveCfg = Release|Any CPU
		{89E8AD02-137E-4BA9-B61B-55811345D7C8}.Release|Any CPU.Build.0 = Release|Any CPU
		{DE792320-4DB2-4FEE-A847-34CDFE62C51C}.Debug|Any CPU.ActiveCfg = Debug|Any CPU
		{DE792320-4DB2-4FEE-A847-34CDFE62C51C}.Debug|Any CPU.Build.0 = Debug|Any CPU
		{DE792320-4DB2-4FEE-A847-34CDFE62C51C}.Release|Any CPU.ActiveCfg = Release|Any CPU
		{DE792320-4DB2-4FEE-A847-34CDFE62C51C}.Release|Any CPU.Build.0 = Release|Any CPU
	EndGlobalSection
EndGlobal
